
Microsoft Visual Studio Solution File, Format Version 12.00
# Visual Studio 14
VisualStudioVersion = 14.0.24720.0
MinimumVisualStudioVersion = 10.0.40219.1
Project("{FAE04EC0-301F-11D3-BF4B-00C04F79EFBC}") = "SimpleORM", "SimpleORM\SimpleORM.csproj", "{BDF70C3C-1B17-449C-896A-ECE8E1FDEF6A}"
EndProject
Global
	GlobalSection(SolutionConfigurationPlatforms) = preSolution
		Debug|Any CPU = Debug|Any CPU
		Release|Any CPU = Release|Any CPU
	EndGlobalSection
	GlobalSection(ProjectConfigurationPlatforms) = postSolution
		{BDF70C3C-1B17-449C-896A-ECE8E1FDEF6A}.Debug|Any CPU.ActiveCfg = Debug|Any CPU
		{BDF70C3C-1B17-449C-896A-ECE8E1FDEF6A}.Debug|Any CPU.Build.0 = Debug|Any CPU
		{BDF70C3C-1B17-449C-896A-ECE8E1FDEF6A}.Release|Any CPU.ActiveCfg = Release|Any CPU
		{BDF70C3C-1B17-449C-896A-ECE8E1FDEF6A}.Release|Any CPU.Build.0 = Release|Any CPU
	EndGlobalSection
	GlobalSection(SolutionProperties) = preSolution
		HideSolutionNode = FALSE
	EndGlobalSection
EndGlobal
